
Microsoft Visual Studio Solution File, Format Version 12.00
# Visual Studio Version 17
VisualStudioVersion = 17.7.34202.233
MinimumVisualStudioVersion = 10.0.40219.1
Project("{FAE04EC0-301F-11D3-BF4B-00C04F79EFBC}") = "Task_1_23.10", "Task_1_23.10\Task_1_23.10.csproj", "{8C4DDFEC-A663-433B-AEAE-972A0F49AFC5}"
EndProject
Global
	GlobalSection(SolutionConfigurationPlatforms) = preSolution
		Debug|Any CPU = Debug|Any CPU
		Release|Any CPU = Release|Any CPU
	EndGlobalSection
	GlobalSection(ProjectConfigurationPlatforms) = postSolution
		{8C4DDFEC-A663-433B-AEAE-972A0F49AFC5}.Debug|Any CPU.ActiveCfg = Debug|Any CPU
		{8C4DDFEC-A663-433B-AEAE-972A0F49AFC5}.Debug|Any CPU.Build.0 = Debug|Any CPU
		{8C4DDFEC-A663-433B-AEAE-972A0F49AFC5}.Release|Any CPU.ActiveCfg = Release|Any CPU
		{8C4DDFEC-A663-433B-AEAE-972A0F49AFC5}.Release|Any CPU.Build.0 = Release|Any CPU
	EndGlobalSection
	GlobalSection(SolutionProperties) = preSolution
		HideSolutionNode = FALSE
	EndGlobalSection
	GlobalSection(ExtensibilityGlobals) = postSolution
		SolutionGuid = {16A34E04-D29E-45D9-8CB7-D7A9851D3017}
	EndGlobalSection
EndGlobal
